// !$*UTF8*$!
{
	archiveVersion = 1;
	classes = {
	};
	objectVersion = 50;
	objects = {

/* Begin PBXBuildFile section */
		0102BD4622AEB0DD00146819 /* Assets.xcassets in Resources */ = {isa = PBXBuildFile; fileRef = 01FAF6CB22A5B96500BA808F /* Assets.xcassets */; };
		01AF18A322AE992C0038EAF3 /* DriverRow.swift in Sources */ = {isa = PBXBuildFile; fileRef = 01AF18A222AE992C0038EAF3 /* DriverRow.swift */; };
		01AF18A522AEA46A0038EAF3 /* DriversList.swift in Sources */ = {isa = PBXBuildFile; fileRef = 01AF18A422AEA46A0038EAF3 /* DriversList.swift */; };
		01C40F4722AC1F58008B5D42 /* Driver.swift in Sources */ = {isa = PBXBuildFile; fileRef = 01C40F4622AC1F58008B5D42 /* Driver.swift */; };
		01C40F4922AD0825008B5D42 /* StatsRow.swift in Sources */ = {isa = PBXBuildFile; fileRef = 01C40F4822AD0825008B5D42 /* StatsRow.swift */; };
		01FAF6C622A5B96300BA808F /* AppDelegate.swift in Sources */ = {isa = PBXBuildFile; fileRef = 01FAF6C522A5B96300BA808F /* AppDelegate.swift */; };
		01FAF6C822A5B96300BA808F /* SceneDelegate.swift in Sources */ = {isa = PBXBuildFile; fileRef = 01FAF6C722A5B96300BA808F /* SceneDelegate.swift */; };
		01FAF6CA22A5B96300BA808F /* DriverDetail.swift in Sources */ = {isa = PBXBuildFile; fileRef = 01FAF6C922A5B96300BA808F /* DriverDetail.swift */; };
		01FAF6CF22A5B96500BA808F /* Preview Assets.xcassets in Resources */ = {isa = PBXBuildFile; fileRef = 01FAF6CE22A5B96500BA808F /* Preview Assets.xcassets */; };
		01FAF6D222A5B96500BA808F /* LaunchScreen.storyboard in Resources */ = {isa = PBXBuildFile; fileRef = 01FAF6D022A5B96500BA808F /* LaunchScreen.storyboard */; };
/* End PBXBuildFile section */

/* Begin PBXFileReference section */
		01AF18A222AE992C0038EAF3 /* DriverRow.swift */ = {isa = PBXFileReference; lastKnownFileType = sourcecode.swift; path = DriverRow.swift; sourceTree = "<group>"; };
		01AF18A422AEA46A0038EAF3 /* DriversList.swift */ = {isa = PBXFileReference; lastKnownFileType = sourcecode.swift; path = DriversList.swift; sourceTree = "<group>"; };
		01C40F4622AC1F58008B5D42 /* Driver.swift */ = {isa = PBXFileReference; fileEncoding = 4; lastKnownFileType = sourcecode.swift; path = Driver.swift; sourceTree = "<group>"; };
		01C40F4822AD0825008B5D42 /* StatsRow.swift */ = {isa = PBXFileReference; lastKnownFileType = sourcecode.swift; path = StatsRow.swift; sourceTree = "<group>"; };
		01FAF6C222A5B96300BA808F /* 01-MiPrimeraApp.app */ = {isa = PBXFileReference; explicitFileType = wrapper.application; includeInIndex = 0; path = "01-MiPrimeraApp.app"; sourceTree = BUILT_PRODUCTS_DIR; };
		01FAF6C522A5B96300BA808F /* AppDelegate.swift */ = {isa = PBXFileReference; lastKnownFileType = sourcecode.swift; path = AppDelegate.swift; sourceTree = "<group>"; };
		01FAF6C722A5B96300BA808F /* SceneDelegate.swift */ = {isa = PBXFileReference; lastKnownFileType = sourcecode.swift; path = SceneDelegate.swift; sourceTree = "<group>"; };
		01FAF6C922A5B96300BA808F /* DriverDetail.swift */ = {isa = PBXFileReference; lastKnownFileType = sourcecode.swift; path = DriverDetail.swift; sourceTree = "<group>"; };
		01FAF6CB22A5B96500BA808F /* Assets.xcassets */ = {isa = PBXFileReference; lastKnownFileType = folder.assetcatalog; path = Assets.xcassets; sourceTree = "<group>"; };
		01FAF6CE22A5B96500BA808F /* Preview Assets.xcassets */ = {isa = PBXFileReference; lastKnownFileType = folder.assetcatalog; path = "Preview Assets.xcassets"; sourceTree = "<group>"; };
		01FAF6D122A5B96500BA808F /* Base */ = {isa = PBXFileReference; lastKnownFileType = file.storyboard; name = Base; path = Base.lproj/LaunchScreen.storyboard; sourceTree = "<group>"; };
		01FAF6D322A5B96500BA808F /* Info.plist */ = {isa = PBXFileReference; lastKnownFileType = text.plist.xml; path = Info.plist; sourceTree = "<group>"; };
/* End PBXFileReference section */

/* Begin PBXFrameworksBuildPhase section */
		01FAF6BF22A5B96300BA808F /* Frameworks */ = {
			isa = PBXFrameworksBuildPhase;
			buildActionMask = 2147483647;
			files = (
			);
			runOnlyForDeploymentPostprocessing = 0;
		};
/* End PBXFrameworksBuildPhase section */

/* Begin PBXGroup section */
		01FAF6B922A5B96300BA808F = {
			isa = PBXGroup;
			children = (
				01FAF6C422A5B96300BA808F /* 01-MiPrimeraApp */,
				01FAF6C322A5B96300BA808F /* Products */,
			);
			sourceTree = "<group>";
		};
		01FAF6C322A5B96300BA808F /* Products */ = {
			isa = PBXGroup;
			children = (
				01FAF6C222A5B96300BA808F /* 01-MiPrimeraApp.app */,
			);
			name = Products;
			sourceTree = "<group>";
		};
		01FAF6C422A5B96300BA808F /* 01-MiPrimeraApp */ = {
			isa = PBXGroup;
			children = (
				01FAF6C522A5B96300BA808F /* AppDelegate.swift */,
				01FAF6C722A5B96300BA808F /* SceneDelegate.swift */,
				01FAF6C922A5B96300BA808F /* DriverDetail.swift */,
				01C40F4822AD0825008B5D42 /* StatsRow.swift */,
				01AF18A222AE992C0038EAF3 /* DriverRow.swift */,
				01AF18A422AEA46A0038EAF3 /* DriversList.swift */,
				01C40F4622AC1F58008B5D42 /* Driver.swift */,
				01FAF6CB22A5B96500BA808F /* Assets.xcassets */,
				01FAF6D022A5B96500BA808F /* LaunchScreen.storyboard */,
				01FAF6D322A5B96500BA808F /* Info.plist */,
				01FAF6CD22A5B96500BA808F /* Preview Content */,
			);
			path = "01-MiPrimeraApp";
			sourceTree = "<group>";
		};
		01FAF6CD22A5B96500BA808F /* Preview Content */ = {
			isa = PBXGroup;
			children = (
				01FAF6CE22A5B96500BA808F /* Preview Assets.xcassets */,
			);
			path = "Preview Content";
			sourceTree = "<group>";
		};
/* End PBXGroup section */

/* Begin PBXNativeTarget section */
		01FAF6C122A5B96300BA808F /* 01-MiPrimeraApp */ = {
			isa = PBXNativeTarget;
			buildConfigurationList = 01FAF6D622A5B96500BA808F /* Build configuration list for PBXNativeTarget "01-MiPrimeraApp" */;
			buildPhases = (
				01FAF6BE22A5B96300BA808F /* Sources */,
				01FAF6BF22A5B96300BA808F /* Frameworks */,
				01FAF6C022A5B96300BA808F /* Resources */,
			);
			buildRules = (
			);
			dependencies = (
			);
			name = "01-MiPrimeraApp";
			productName = "01-MiPrimeraApp";
			productReference = 01FAF6C222A5B96300BA808F /* 01-MiPrimeraApp.app */;
			productType = "com.apple.product-type.application";
		};
/* End PBXNativeTarget section */

/* Begin PBXProject section */
		01FAF6BA22A5B96300BA808F /* Project object */ = {
			isa = PBXProject;
			attributes = {
				LastSwiftUpdateCheck = 1100;
				LastUpgradeCheck = 1100;
				ORGANIZATIONNAME = Frogames;
				TargetAttributes = {
					01FAF6C122A5B96300BA808F = {
						CreatedOnToolsVersion = 11.0;
					};
				};
			};
			buildConfigurationList = 01FAF6BD22A5B96300BA808F /* Build configuration list for PBXProject "01-MiPrimeraApp" */;
			compatibilityVersion = "Xcode 9.3";
			developmentRegion = en;
			hasScannedForEncodings = 0;
			knownRegions = (
				en,
				Base,
			);
			mainGroup = 01FAF6B922A5B96300BA808F;
			productRefGroup = 01FAF6C322A5B96300BA808F /* Products */;
			projectDirPath = "";
			projectRoot = "";
			targets = (
				01FAF6C122A5B96300BA808F /* 01-MiPrimeraApp */,
			);
		};
/* End PBXProject section */

/* Begin PBXResourcesBuildPhase section */
		01FAF6C022A5B96300BA808F /* Resources */ = {
			isa = PBXResourcesBuildPhase;
			buildActionMask = 2147483647;
			files = (
				01FAF6D222A5B96500BA808F /* LaunchScreen.storyboard in Resources */,
				0102BD4622AEB0DD00146819 /* Assets.xcassets in Resources */,
				01FAF6CF22A5B96500BA808F /* Preview Assets.xcassets in Resources */,
			);
			runOnlyForDeploymentPostprocessing = 0;
		};
/* End PBXResourcesBuildPhase section */

/* Begin PBXSourcesBuildPhase section */
		01FAF6BE22A5B96300BA808F /* Sources */ = {
			isa = PBXSourcesBuildPhase;
			buildActionMask = 2147483647;
			files = (
				01AF18A522AEA46A0038EAF3 /* DriversList.swift in Sources */,
				01AF18A322AE992C0038EAF3 /* DriverRow.swift in Sources */,
				01FAF6C622A5B96300BA808F /* AppDelegate.swift in Sources */,
				01FAF6C822A5B96300BA808F /* SceneDelegate.swift in Sources */,
				01FAF6CA22A5B96300BA808F /* DriverDetail.swift in Sources */,
				01C40F4722AC1F58008B5D42 /* Driver.swift in Sources */,
				01C40F4922AD0825008B5D42 /* StatsRow.swift in Sources */,
			);
			runOnlyForDeploymentPostprocessing = 0;
		};
/* End PBXSourcesBuildPhase section */

/* Begin PBXVariantGroup section */
		01FAF6D022A5B96500BA808F /* LaunchScreen.storyboard */ = {
			isa = PBXVariantGroup;
			children = (
				01FAF6D122A5B96500BA808F /* Base */,
			);
			name = LaunchScreen.storyboard;
			sourceTree = "<group>";
		};
/* End PBXVariantGroup section */

/* Begin XCBuildConfiguration section */
		01FAF6D422A5B96500BA808F /* Debug */ = {
			isa = XCBuildConfiguration;
			buildSettings = {
				ALWAYS_SEARCH_USER_PATHS = NO;
				CLANG_ANALYZER_NONNULL = YES;
				CLANG_ANALYZER_NUMBER_OBJECT_CONVERSION = YES_AGGRESSIVE;
				CLANG_CXX_LANGUAGE_STANDARD = "gnu++14";
				CLANG_CXX_LIBRARY = "libc++";
				CLANG_ENABLE_MODULES = YES;
				CLANG_ENABLE_OBJC_ARC = YES;
				CLANG_ENABLE_OBJC_WEAK = YES;
				CLANG_WARN_BLOCK_CAPTURE_AUTORELEASING = YES;
				CLANG_WARN_BOOL_CONVERSION = YES;
				CLANG_WARN_COMMA = YES;
				CLANG_WARN_CONSTANT_CONVERSION = YES;
				CLANG_WARN_DEPRECATED_OBJC_IMPLEMENTATIONS = YES;
				CLANG_WARN_DIRECT_OBJC_ISA_USAGE = YES_ERROR;
				CLANG_WARN_DOCUMENTATION_COMMENTS = YES;
				CLANG_WARN_EMPTY_BODY = YES;
				CLANG_WARN_ENUM_CONVERSION = YES;
				CLANG_WARN_INFINITE_RECURSION = YES;
				CLANG_WARN_INT_CONVERSION = YES;
				CLANG_WARN_NON_LITERAL_NULL_CONVERSION = YES;
				CLANG_WARN_OBJC_IMPLICIT_RETAIN_SELF = YES;
				CLANG_WARN_OBJC_LITERAL_CONVERSION = YES;
				CLANG_WARN_OBJC_ROOT_CLASS = YES_ERROR;
				CLANG_WARN_RANGE_LOOP_ANALYSIS = YES;
				CLANG_WARN_STRICT_PROTOTYPES = YES;
				CLANG_WARN_SUSPICIOUS_MOVE = YES;
				CLANG_WARN_UNGUARDED_AVAILABILITY = YES_AGGRESSIVE;
				CLANG_WARN_UNREACHABLE_CODE = YES;
				CLANG_WARN__DUPLICATE_METHOD_MATCH = YES;
				COPY_PHASE_STRIP = NO;
				DEBUG_INFORMATION_FORMAT = dwarf;
				ENABLE_STRICT_OBJC_MSGSEND = YES;
				ENABLE_TESTABILITY = YES;
				GCC_C_LANGUAGE_STANDARD = gnu11;
				GCC_DYNAMIC_NO_PIC = NO;
				GCC_NO_COMMON_BLOCKS = YES;
				GCC_OPTIMIZATION_LEVEL = 0;
				GCC_PREPROCESSOR_DEFINITIONS = (
					"DEBUG=1",
					"$(inherited)",
				);
				GCC_WARN_64_TO_32_BIT_CONVERSION = YES;
				GCC_WARN_ABOUT_RETURN_TYPE = YES_ERROR;
				GCC_WARN_UNDECLARED_SELECTOR = YES;
				GCC_WARN_UNINITIALIZED_AUTOS = YES_AGGRESSIVE;
				GCC_WARN_UNUSED_FUNCTION = YES;
				GCC_WARN_UNUSED_VARIABLE = YES;
				IPHONEOS_DEPLOYMENT_TARGET = 13.0;
				MTL_ENABLE_DEBUG_INFO = INCLUDE_SOURCE;
				MTL_FAST_MATH = YES;
				ONLY_ACTIVE_ARCH = YES;
				SDKROOT = iphoneos;
				SWIFT_ACTIVE_COMPILATION_CONDITIONS = DEBUG;
				SWIFT_OPTIMIZATION_LEVEL = "-Onone";
			};
			name = Debug;
		};
		01FAF6D522A5B96500BA808F /* Release */ = {
			isa = XCBuildConfiguration;
			buildSettings = {
				ALWAYS_SEARCH_USER_PATHS = NO;
				CLANG_ANALYZER_NONNULL = YES;
				CLANG_ANALYZER_NUMBER_OBJECT_CONVERSION = YES_AGGRESSIVE;
				CLANG_CXX_LANGUAGE_STANDARD = "gnu++14";
				CLANG_CXX_LIBRARY = "libc++";
				CLANG_ENABLE_MODULES = YES;
				CLANG_ENABLE_OBJC_ARC = YES;
				CLANG_ENABLE_OBJC_WEAK = YES;
				CLANG_WARN_BLOCK_CAPTURE_AUTORELEASING = YES;
				CLANG_WARN_BOOL_CONVERSION = YES;
				CLANG_WARN_COMMA = YES;
				CLANG_WARN_CONSTANT_CONVERSION = YES;
				CLANG_WARN_DEPRECATED_OBJC_IMPLEMENTATIONS = YES;
				CLANG_WARN_DIRECT_OBJC_ISA_USAGE = YES_ERROR;
				CLANG_WARN_DOCUMENTATION_COMMENTS = YES;
				CLANG_WARN_EMPTY_BODY = YES;
				CLANG_WARN_ENUM_CONVERSION = YES;
				CLANG_WARN_INFINITE_RECURSION = YES;
				CLANG_WARN_INT_CONVERSION = YES;
				CLANG_WARN_NON_LITERAL_NULL_CONVERSION = YES;
				CLANG_WARN_OBJC_IMPLICIT_RETAIN_SELF = YES;
				CLANG_WARN_OBJC_LITERAL_CONVERSION = YES;
				CLANG_WARN_OBJC_ROOT_CLASS = YES_ERROR;
				CLANG_WARN_RANGE_LOOP_ANALYSIS = YES;
				CLANG_WARN_STRICT_PROTOTYPES = YES;
				CLANG_WARN_SUSPICIOUS_MOVE = YES;
				CLANG_WARN_UNGUARDED_AVAILABILITY = YES_AGGRESSIVE;
				CLANG_WARN_UNREACHABLE_CODE = YES;
				CLANG_WARN__DUPLICATE_METHOD_MATCH = YES;
				COPY_PHASE_STRIP = NO;
				DEBUG_INFORMATION_FORMAT = "dwarf-with-dsym";
				ENABLE_NS_ASSERTIONS = NO;
				ENABLE_STRICT_OBJC_MSGSEND = YES;
				GCC_C_LANGUAGE_STANDARD = gnu11;
				GCC_NO_COMMON_BLOCKS = YES;
				GCC_WARN_64_TO_32_BIT_CONVERSION = YES;
				GCC_WARN_ABOUT_RETURN_TYPE = YES_ERROR;
				GCC_WARN_UNDECLARED_SELECTOR = YES;
				GCC_WARN_UNINITIALIZED_AUTOS = YES_AGGRESSIVE;
				GCC_WARN_UNUSED_FUNCTION = YES;
				GCC_WARN_UNUSED_VARIABLE = YES;
				IPHONEOS_DEPLOYMENT_TARGET = 13.0;
				MTL_ENABLE_DEBUG_INFO = NO;
				MTL_FAST_MATH = YES;
				SDKROOT = iphoneos;
				SWIFT_COMPILATION_MODE = wholemodule;
				SWIFT_OPTIMIZATION_LEVEL = "-O";
				VALIDATE_PRODUCT = YES;
			};
			name = Release;
		};
		01FAF6D722A5B96500BA808F /* Debug */ = {
			isa = XCBuildConfiguration;
			buildSettings = {
				ASSETCATALOG_COMPILER_APPICON_NAME = AppIcon;
				CODE_SIGN_STYLE = Automatic;
				DEVELOPMENT_ASSET_PATHS = "01-MiPrimeraApp/Preview\\ Content";
				DEVELOPMENT_TEAM = LV4V48ATK9;
				ENABLE_PREVIEWS = YES;
				INFOPLIST_FILE = "01-MiPrimeraApp/Info.plist";
				LD_RUNPATH_SEARCH_PATHS = (
					"$(inherited)",
					"@executable_path/Frameworks",
				);
				PRODUCT_BUNDLE_IDENTIFIER = "com.frogames.-1-MiPrimeraApp";
				PRODUCT_NAME = "$(TARGET_NAME)";
				SWIFT_VERSION = 5.0;
				TARGETED_DEVICE_FAMILY = "1,2";
			};
			name = Debug;
		};
		01FAF6D822A5B96500BA808F /* Release */ = {
			isa = XCBuildConfiguration;
			buildSettings = {
				ASSETCATALOG_COMPILER_APPICON_NAME = AppIcon;
				CODE_SIGN_STYLE = Automatic;
				DEVELOPMENT_ASSET_PATHS = "01-MiPrimeraApp/Preview\\ Content";
				DEVELOPMENT_TEAM = LV4V48ATK9;
				ENABLE_PREVIEWS = YES;
				INFOPLIST_FILE = "01-MiPrimeraApp/Info.plist";
				LD_RUNPATH_SEARCH_PATHS = (
					"$(inherited)",
					"@executable_path/Frameworks",
				);
				PRODUCT_BUNDLE_IDENTIFIER = "com.frogames.-1-MiPrimeraApp";
				PRODUCT_NAME = "$(TARGET_NAME)";
				SWIFT_VERSION = 5.0;
				TARGETED_DEVICE_FAMILY = "1,2";
			};
			name = Release;
		};
/* End XCBuildConfiguration section */

/* Begin XCConfigurationList section */
		01FAF6BD22A5B96300BA808F /* Build configuration list for PBXProject "01-MiPrimeraApp" */ = {
			isa = XCConfigurationList;
			buildConfigurations = (
				01FAF6D422A5B96500BA808F /* Debug */,
				01FAF6D522A5B96500BA808F /* Release */,
			);
			defaultConfigurationIsVisible = 0;
			defaultConfigurationName = Release;
		};
		01FAF6D622A5B96500BA808F /* Build configuration list for PBXNativeTarget "01-MiPrimeraApp" */ = {
			isa = XCConfigurationList;
			buildConfigurations = (
				01FAF6D722A5B96500BA808F /* Debug */,
				01FAF6D822A5B96500BA808F /* Release */,
			);
			defaultConfigurationIsVisible = 0;
			defaultConfigurationName = Release;
		};
/* End XCConfigurationList section */
	};
	rootObject = 01FAF6BA22A5B96300BA808F /* Project object */;
}
